
Microsoft Visual Studio Solution File, Format Version 12.00
# Visual Studio Version 17
VisualStudioVersion = 17.4.33110.190
MinimumVisualStudioVersion = 10.0.40219.1
Project("{FAE04EC0-301F-11D3-BF4B-00C04F79EFBC}") = "DogAPIproject", "DogAPIproject\DogAPIproject.csproj", "{464930DC-A07A-45D5-A4EC-58D34EB00217}"
EndProject
Global
	GlobalSection(SolutionConfigurationPlatforms) = preSolution
		Debug|Any CPU = Debug|Any CPU
		Release|Any CPU = Release|Any CPU
	EndGlobalSection
	GlobalSection(ProjectConfigurationPlatforms) = postSolution
		{464930DC-A07A-45D5-A4EC-58D34EB00217}.Debug|Any CPU.ActiveCfg = Debug|Any CPU
		{464930DC-A07A-45D5-A4EC-58D34EB00217}.Debug|Any CPU.Build.0 = Debug|Any CPU
		{464930DC-A07A-45D5-A4EC-58D34EB00217}.Release|Any CPU.ActiveCfg = Release|Any CPU
		{464930DC-A07A-45D5-A4EC-58D34EB00217}.Release|Any CPU.Build.0 = Release|Any CPU
	EndGlobalSection
	GlobalSection(SolutionProperties) = preSolution
		HideSolutionNode = FALSE
	EndGlobalSection
	GlobalSection(ExtensibilityGlobals) = postSolution
		SolutionGuid = {5145F712-9AD7-4E41-A908-4013CC5393A9}
	EndGlobalSection
EndGlobal
